
Microsoft Visual Studio Solution File, Format Version 12.00
Project("{FAE04EC0-301F-11D3-BF4B-00C04F79EFBC}") = "Platform.DataAccess.Postgres", "Platform.DataAccess.Postgres\Platform.DataAccess.Postgres.csproj", "{C41F9C80-5A51-4D7D-A6B9-6B89C5F67FD9}"
EndProject
Global
	GlobalSection(SolutionConfigurationPlatforms) = preSolution
		Debug|Any CPU = Debug|Any CPU
		Release|Any CPU = Release|Any CPU
	EndGlobalSection
	GlobalSection(ProjectConfigurationPlatforms) = postSolution
		{C41F9C80-5A51-4D7D-A6B9-6B89C5F67FD9}.Debug|Any CPU.ActiveCfg = Debug|Any CPU
		{C41F9C80-5A51-4D7D-A6B9-6B89C5F67FD9}.Debug|Any CPU.Build.0 = Debug|Any CPU
		{C41F9C80-5A51-4D7D-A6B9-6B89C5F67FD9}.Release|Any CPU.ActiveCfg = Release|Any CPU
		{C41F9C80-5A51-4D7D-A6B9-6B89C5F67FD9}.Release|Any CPU.Build.0 = Release|Any CPU
	EndGlobalSection
EndGlobal
